
Microsoft Visual Studio Solution File, Format Version 12.00
Project("{FAE04EC0-301F-11D3-BF4B-00C04F79EFBC}") = "WebApplication1", "WebApplication1\WebApplication1.csproj", "{E107403F-109B-42D8-8CD8-453B86E0928E}"
EndProject
Global
	GlobalSection(SolutionConfigurationPlatforms) = preSolution
		Debug|Any CPU = Debug|Any CPU
		Release|Any CPU = Release|Any CPU
	EndGlobalSection
	GlobalSection(ProjectConfigurationPlatforms) = postSolution
		{E107403F-109B-42D8-8CD8-453B86E0928E}.Debug|Any CPU.ActiveCfg = Debug|Any CPU
		{E107403F-109B-42D8-8CD8-453B86E0928E}.Debug|Any CPU.Build.0 = Debug|Any CPU
		{E107403F-109B-42D8-8CD8-453B86E0928E}.Release|Any CPU.ActiveCfg = Release|Any CPU
		{E107403F-109B-42D8-8CD8-453B86E0928E}.Release|Any CPU.Build.0 = Release|Any CPU
	EndGlobalSection
EndGlobal
